
Microsoft Visual Studio Solution File, Format Version 12.00
# Visual Studio Version 17
VisualStudioVersion = 17.1.32421.90
MinimumVisualStudioVersion = 10.0.40219.1
Project("{FAE04EC0-301F-11D3-BF4B-00C04F79EFBC}") = "pocParallelTask", "pocParallelTask\pocParallelTask.csproj", "{DDF4D2D7-302B-4ADF-B902-109D297332FE}"
EndProject
Global
	GlobalSection(SolutionConfigurationPlatforms) = preSolution
		Debug|Any CPU = Debug|Any CPU
		Release|Any CPU = Release|Any CPU
	EndGlobalSection
	GlobalSection(ProjectConfigurationPlatforms) = postSolution
		{DDF4D2D7-302B-4ADF-B902-109D297332FE}.Debug|Any CPU.ActiveCfg = Debug|Any CPU
		{DDF4D2D7-302B-4ADF-B902-109D297332FE}.Debug|Any CPU.Build.0 = Debug|Any CPU
		{DDF4D2D7-302B-4ADF-B902-109D297332FE}.Release|Any CPU.ActiveCfg = Release|Any CPU
		{DDF4D2D7-302B-4ADF-B902-109D297332FE}.Release|Any CPU.Build.0 = Release|Any CPU
	EndGlobalSection
	GlobalSection(SolutionProperties) = preSolution
		HideSolutionNode = FALSE
	EndGlobalSection
	GlobalSection(ExtensibilityGlobals) = postSolution
		SolutionGuid = {570DA0F0-8DDD-49CA-B342-AA28ABECC542}
	EndGlobalSection
EndGlobal
